
Microsoft Visual Studio Solution File, Format Version 12.00
# Visual Studio Version 17
VisualStudioVersion = 17.9.34723.18
MinimumVisualStudioVersion = 10.0.40219.1
Project("{9A19103F-16F7-4668-BE54-9A1E7A4F7556}") = "Recruitment.DAL", "Recruitment.DAL\Recruitment.DAL.csproj", "{FA3F59E4-8BB5-4ED2-80A1-A88D39C3AF3E}"
EndProject
Project("{FAE04EC0-301F-11D3-BF4B-00C04F79EFBC}") = "HostApp", "Host\HostApp.csproj", "{AA35D3F5-7AFE-4C5A-AA59-0B295E13F352}"
EndProject
Global
	GlobalSection(SolutionConfigurationPlatforms) = preSolution
		Debug|Any CPU = Debug|Any CPU
		Release|Any CPU = Release|Any CPU
	EndGlobalSection
	GlobalSection(ProjectConfigurationPlatforms) = postSolution
		{FA3F59E4-8BB5-4ED2-80A1-A88D39C3AF3E}.Debug|Any CPU.ActiveCfg = Debug|Any CPU
		{FA3F59E4-8BB5-4ED2-80A1-A88D39C3AF3E}.Debug|Any CPU.Build.0 = Debug|Any CPU
		{FA3F59E4-8BB5-4ED2-80A1-A88D39C3AF3E}.Release|Any CPU.ActiveCfg = Release|Any CPU
		{FA3F59E4-8BB5-4ED2-80A1-A88D39C3AF3E}.Release|Any CPU.Build.0 = Release|Any CPU
		{AA35D3F5-7AFE-4C5A-AA59-0B295E13F352}.Debug|Any CPU.ActiveCfg = Debug|Any CPU
		{AA35D3F5-7AFE-4C5A-AA59-0B295E13F352}.Debug|Any CPU.Build.0 = Debug|Any CPU
		{AA35D3F5-7AFE-4C5A-AA59-0B295E13F352}.Release|Any CPU.ActiveCfg = Release|Any CPU
		{AA35D3F5-7AFE-4C5A-AA59-0B295E13F352}.Release|Any CPU.Build.0 = Release|Any CPU
	EndGlobalSection
	GlobalSection(SolutionProperties) = preSolution
		HideSolutionNode = FALSE
	EndGlobalSection
	GlobalSection(ExtensibilityGlobals) = postSolution
		SolutionGuid = {259B9365-E548-43B0-AF56-81E378406066}
	EndGlobalSection
EndGlobal
